
Microsoft Visual Studio Solution File, Format Version 12.00
Project("{FAE04EC0-301F-11D3-BF4B-00C04F79EFBC}") = "Raycaster", "Raycaster\Raycaster.csproj", "{D74DACBB-D091-4CEF-B673-42BAFB3E0FE9}"
EndProject
Global
	GlobalSection(SolutionConfigurationPlatforms) = preSolution
		Debug|Any CPU = Debug|Any CPU
		Release|Any CPU = Release|Any CPU
	EndGlobalSection
	GlobalSection(ProjectConfigurationPlatforms) = postSolution
		{D74DACBB-D091-4CEF-B673-42BAFB3E0FE9}.Debug|Any CPU.ActiveCfg = Debug|Any CPU
		{D74DACBB-D091-4CEF-B673-42BAFB3E0FE9}.Debug|Any CPU.Build.0 = Debug|Any CPU
		{D74DACBB-D091-4CEF-B673-42BAFB3E0FE9}.Release|Any CPU.ActiveCfg = Release|Any CPU
		{D74DACBB-D091-4CEF-B673-42BAFB3E0FE9}.Release|Any CPU.Build.0 = Release|Any CPU
	EndGlobalSection
EndGlobal
